Microsoft Visual Studio Solution File, Format Version 11.00
# Visual Studio 2008

Project("{1B6BD08D-EC09-FF7B-D922-1B39352F0E9E}") = "BalloonVikings", "Assembly-CSharp-firstpass-vs.csproj", "{9B30787A-EB8A-FF05-74C4-070E6F1C9511}"
EndProject
Project("{1B6BD08D-EC09-FF7B-D922-1B39352F0E9E}") = "BalloonVikings", "Assembly-CSharp-vs.csproj", "{DFF005E4-48BD-7546-F0F3-E5745FFFDE31}"
EndProject
Project("{1B6BD08D-EC09-FF7B-D922-1B39352F0E9E}") = "BalloonVikings", "Assembly-CSharp-Editor-vs.csproj", "{9F76E2C2-A587-8723-07EA-8AE93F267B21}"
EndProject
Global
	GlobalSection(SolutionConfigurationPlatforms) = preSolution
		Debug|Any CPU = Debug|Any CPU
		Release|Any CPU = Release|Any CPU
	EndGlobalSection
	GlobalSection(ProjectConfigurationPlatforms) = postSolution
		{9B30787A-EB8A-FF05-74C4-070E6F1C9511}.Debug|Any CPU.ActiveCfg = Debug|Any CPU
		{9B30787A-EB8A-FF05-74C4-070E6F1C9511}.Debug|Any CPU.Build.0 = Debug|Any CPU
		{9B30787A-EB8A-FF05-74C4-070E6F1C9511}.Release|Any CPU.ActiveCfg = Release|Any CPU
		{9B30787A-EB8A-FF05-74C4-070E6F1C9511}.Release|Any CPU.Build.0 = Release|Any CPU
		{DFF005E4-48BD-7546-F0F3-E5745FFFDE31}.Debug|Any CPU.ActiveCfg = Debug|Any CPU
		{DFF005E4-48BD-7546-F0F3-E5745FFFDE31}.Debug|Any CPU.Build.0 = Debug|Any CPU
		{DFF005E4-48BD-7546-F0F3-E5745FFFDE31}.Release|Any CPU.ActiveCfg = Release|Any CPU
		{DFF005E4-48BD-7546-F0F3-E5745FFFDE31}.Release|Any CPU.Build.0 = Release|Any CPU
		{9F76E2C2-A587-8723-07EA-8AE93F267B21}.Debug|Any CPU.ActiveCfg = Debug|Any CPU
		{9F76E2C2-A587-8723-07EA-8AE93F267B21}.Debug|Any CPU.Build.0 = Debug|Any CPU
		{9F76E2C2-A587-8723-07EA-8AE93F267B21}.Release|Any CPU.ActiveCfg = Release|Any CPU
		{9F76E2C2-A587-8723-07EA-8AE93F267B21}.Release|Any CPU.Build.0 = Release|Any CPU
	EndGlobalSection
	GlobalSection(SolutionProperties) = preSolution
		HideSolutionNode = FALSE
	EndGlobalSection
																																																																																																																																						GlobalSection(MonoDevelopProperties) = preSolution
		StartupItem = Assembly-CSharp.csproj
		Policies = $0
		$0.TextStylePolicy = $1
		$1.inheritsSet = null
		$1.scope = text/x-csharp
		$0.CSharpFormattingPolicy = $2
		$2.inheritsSet = Mono
		$2.inheritsScope = text/x-csharp
		$2.scope = text/x-csharp
		$0.TextStylePolicy = $3
		$3.FileWidth = 120
		$3.TabWidth = 4
		$3.IndentWidth = 4
		$3.EolMarker = Unix
		$3.inheritsSet = Mono
		$3.inheritsScope = text/plain
		$3.scope = text/plain
	EndGlobalSection

EndGlobal
